
Microsoft Visual Studio Solution File, Format Version 12.00
# Visual Studio Version 17
VisualStudioVersion = 17.4.33110.190
MinimumVisualStudioVersion = 10.0.40219.1
Project("{9A19103F-16F7-4668-BE54-9A1E7A4F7556}") = "HomeWorks_3", "HomeWorks_3\HomeWorks_3.csproj", "{AF9FAF82-4898-4E47-9BD3-7F51670D29C2}"
EndProject
Project("{9A19103F-16F7-4668-BE54-9A1E7A4F7556}") = "Task2", "Task2\Task2.csproj", "{62663B2E-0C94-4B59-9249-A96515E0429F}"
EndProject
Project("{FAE04EC0-301F-11D3-BF4B-00C04F79EFBC}") = "Task4", "Task4\Task4.csproj", "{F4ACBD45-5325-4028-A874-8115E63A0773}"
EndProject
Project("{FAE04EC0-301F-11D3-BF4B-00C04F79EFBC}") = "Task5", "Task5\Task5.csproj", "{951C6B73-7FF3-4ED1-9469-ED928E714CDF}"
EndProject
Project("{FAE04EC0-301F-11D3-BF4B-00C04F79EFBC}") = "Task6", "Task6\Task6.csproj", "{016CB5BC-C6DF-40E3-928C-B81BF9A817CE}"
EndProject
Global
	GlobalSection(SolutionConfigurationPlatforms) = preSolution
		Debug|Any CPU = Debug|Any CPU
		Release|Any CPU = Release|Any CPU
	EndGlobalSection
	GlobalSection(ProjectConfigurationPlatforms) = postSolution
		{AF9FAF82-4898-4E47-9BD3-7F51670D29C2}.Debug|Any CPU.ActiveCfg = Debug|Any CPU
		{AF9FAF82-4898-4E47-9BD3-7F51670D29C2}.Debug|Any CPU.Build.0 = Debug|Any CPU
		{AF9FAF82-4898-4E47-9BD3-7F51670D29C2}.Release|Any CPU.ActiveCfg = Release|Any CPU
		{AF9FAF82-4898-4E47-9BD3-7F51670D29C2}.Release|Any CPU.Build.0 = Release|Any CPU
		{62663B2E-0C94-4B59-9249-A96515E0429F}.Debug|Any CPU.ActiveCfg = Debug|Any CPU
		{62663B2E-0C94-4B59-9249-A96515E0429F}.Debug|Any CPU.Build.0 = Debug|Any CPU
		{62663B2E-0C94-4B59-9249-A96515E0429F}.Release|Any CPU.ActiveCfg = Release|Any CPU
		{62663B2E-0C94-4B59-9249-A96515E0429F}.Release|Any CPU.Build.0 = Release|Any CPU
		{F4ACBD45-5325-4028-A874-8115E63A0773}.Debug|Any CPU.ActiveCfg = Debug|Any CPU
		{F4ACBD45-5325-4028-A874-8115E63A0773}.Debug|Any CPU.Build.0 = Debug|Any CPU
		{F4ACBD45-5325-4028-A874-8115E63A0773}.Release|Any CPU.ActiveCfg = Release|Any CPU
		{F4ACBD45-5325-4028-A874-8115E63A0773}.Release|Any CPU.Build.0 = Release|Any CPU
		{951C6B73-7FF3-4ED1-9469-ED928E714CDF}.Debug|Any CPU.ActiveCfg = Debug|Any CPU
		{951C6B73-7FF3-4ED1-9469-ED928E714CDF}.Debug|Any CPU.Build.0 = Debug|Any CPU
		{951C6B73-7FF3-4ED1-9469-ED928E714CDF}.Release|Any CPU.ActiveCfg = Release|Any CPU
		{951C6B73-7FF3-4ED1-9469-ED928E714CDF}.Release|Any CPU.Build.0 = Release|Any CPU
		{016CB5BC-C6DF-40E3-928C-B81BF9A817CE}.Debug|Any CPU.ActiveCfg = Debug|Any CPU
		{016CB5BC-C6DF-40E3-928C-B81BF9A817CE}.Debug|Any CPU.Build.0 = Debug|Any CPU
		{016CB5BC-C6DF-40E3-928C-B81BF9A817CE}.Release|Any CPU.ActiveCfg = Release|Any CPU
		{016CB5BC-C6DF-40E3-928C-B81BF9A817CE}.Release|Any CPU.Build.0 = Release|Any CPU
	EndGlobalSection
	GlobalSection(SolutionProperties) = preSolution
		HideSolutionNode = FALSE
	EndGlobalSection
	GlobalSection(ExtensibilityGlobals) = postSolution
		SolutionGuid = {8C309BD7-2D56-4944-9E4E-A2386FD4C43A}
	EndGlobalSection
EndGlobal
